
Microsoft Visual Studio Solution File, Format Version 12.00
# Visual Studio Version 17
VisualStudioVersion = 17.9.34714.143
MinimumVisualStudioVersion = 10.0.40219.1
Project("{FAE04EC0-301F-11D3-BF4B-00C04F79EFBC}") = "APITEST", "APITEST\APITEST.csproj", "{7621EAE5-0208-4A06-BC7C-C6E606AA4D8C}"
EndProject
Global
	GlobalSection(SolutionConfigurationPlatforms) = preSolution
		Debug|Any CPU = Debug|Any CPU
		Release|Any CPU = Release|Any CPU
	EndGlobalSection
	GlobalSection(ProjectConfigurationPlatforms) = postSolution
		{7621EAE5-0208-4A06-BC7C-C6E606AA4D8C}.Debug|Any CPU.ActiveCfg = Debug|Any CPU
		{7621EAE5-0208-4A06-BC7C-C6E606AA4D8C}.Debug|Any CPU.Build.0 = Debug|Any CPU
		{7621EAE5-0208-4A06-BC7C-C6E606AA4D8C}.Release|Any CPU.ActiveCfg = Release|Any CPU
		{7621EAE5-0208-4A06-BC7C-C6E606AA4D8C}.Release|Any CPU.Build.0 = Release|Any CPU
	EndGlobalSection
	GlobalSection(SolutionProperties) = preSolution
		HideSolutionNode = FALSE
	EndGlobalSection
	GlobalSection(ExtensibilityGlobals) = postSolution
		SolutionGuid = {1B3A1AE2-5E08-4D93-B94E-C0FB10309FA1}
	EndGlobalSection
EndGlobal
